// !$*UTF8*$!
{
	archiveVersion = 1;
	classes = {
	};
	objectVersion = 46;
	objects = {

/* Begin PBXBuildFile section */
		089128E81AE65C62002C7CB1 /* main.m in Sources */ = {isa = PBXBuildFile; fileRef = 089128E71AE65C62002C7CB1 /* main.m */; };
		089128EB1AE65C62002C7CB1 /* AppDelegate.m in Sources */ = {isa = PBXBuildFile; fileRef = 089128EA1AE65C62002C7CB1 /* AppDelegate.m */; };
		089128EE1AE65C62002C7CB1 /* ViewController.m in Sources */ = {isa = PBXBuildFile; fileRef = 089128ED1AE65C62002C7CB1 /* ViewController.m */; };
		089128F11AE65C62002C7CB1 /* Main.storyboard in Resources */ = {isa = PBXBuildFile; fileRef = 089128EF1AE65C62002C7CB1 /* Main.storyboard */; };
		089128F31AE65C62002C7CB1 /* Images.xcassets in Resources */ = {isa = PBXBuildFile; fileRef = 089128F21AE65C62002C7CB1 /* Images.xcassets */; };
		089128F61AE65C62002C7CB1 /* LaunchScreen.xib in Resources */ = {isa = PBXBuildFile; fileRef = 089128F41AE65C62002C7CB1 /* LaunchScreen.xib */; };
		089129021AE65C62002C7CB1 /* Local_Notification_ExampleTests.m in Sources */ = {isa = PBXBuildFile; fileRef = 089129011AE65C62002C7CB1 /* Local_Notification_ExampleTests.m */; };
/* End PBXBuildFile section */

/* Begin PBXContainerItemProxy section */
		089128FC1AE65C62002C7CB1 /* PBXContainerItemProxy */ = {
			isa = PBXContainerItemProxy;
			containerPortal = 089128DA1AE65C62002C7CB1 /* Project object */;
			proxyType = 1;
			remoteGlobalIDString = 089128E11AE65C62002C7CB1;
			remoteInfo = "Local Notification Example";
		};
/* End PBXContainerItemProxy section */

/* Begin PBXFileReference section */
		089128E21AE65C62002C7CB1 /* Local Notification Example.app */ = {isa = PBXFileReference; explicitFileType = wrapper.application; includeInIndex = 0; path = "Local Notification Example.app"; sourceTree = BUILT_PRODUCTS_DIR; };
		089128E61AE65C62002C7CB1 /* Info.plist */ = {isa = PBXFileReference; lastKnownFileType = text.plist.xml; path = Info.plist; sourceTree = "<group>"; };
		089128E71AE65C62002C7CB1 /* main.m */ = {isa = PBXFileReference; lastKnownFileType = sourcecode.c.objc; path = main.m; sourceTree = "<group>"; };
		089128E91AE65C62002C7CB1 /* AppDelegate.h */ = {isa = PBXFileReference; lastKnownFileType = sourcecode.c.h; path = AppDelegate.h; sourceTree = "<group>"; };
		089128EA1AE65C62002C7CB1 /* AppDelegate.m */ = {isa = PBXFileReference; lastKnownFileType = sourcecode.c.objc; path = AppDelegate.m; sourceTree = "<group>"; };
		089128EC1AE65C62002C7CB1 /* ViewController.h */ = {isa = PBXFileReference; lastKnownFileType = sourcecode.c.h; path = ViewController.h; sourceTree = "<group>"; };
		089128ED1AE65C62002C7CB1 /* ViewController.m */ = {isa = PBXFileReference; lastKnownFileType = sourcecode.c.objc; path = ViewController.m; sourceTree = "<group>"; };
		089128F01AE65C62002C7CB1 /* Base */ = {isa = PBXFileReference; lastKnownFileType = file.storyboard; name = Base; path = Base.lproj/Main.storyboard; sourceTree = "<group>"; };
		089128F21AE65C62002C7CB1 /* Images.xcassets */ = {isa = PBXFileReference; lastKnownFileType = folder.assetcatalog; path = Images.xcassets; sourceTree = "<group>"; };
		089128F51AE65C62002C7CB1 /* Base */ = {isa = PBXFileReference; lastKnownFileType = file.xib; name = Base; path = Base.lproj/LaunchScreen.xib; sourceTree = "<group>"; };
		089128FB1AE65C62002C7CB1 /* Local Notification ExampleTests.xctest */ = {isa = PBXFileReference; explicitFileType = wrapper.cfbundle; includeInIndex = 0; path = "Local Notification ExampleTests.xctest"; sourceTree = BUILT_PRODUCTS_DIR; };
		089129001AE65C62002C7CB1 /* Info.plist */ = {isa = PBXFileReference; lastKnownFileType = text.plist.xml; path = Info.plist; sourceTree = "<group>"; };
		089129011AE65C62002C7CB1 /* Local_Notification_ExampleTests.m */ = {isa = PBXFileReference; lastKnownFileType = sourcecode.c.objc; path = Local_Notification_ExampleTests.m; sourceTree = "<group>"; };
/* End PBXFileReference section */

/* Begin PBXFrameworksBuildPhase section */
		089128DF1AE65C62002C7CB1 /* Frameworks */ = {
			isa = PBXFrameworksBuildPhase;
			buildActionMask = 2147483647;
			files = (
			);
			runOnlyForDeploymentPostprocessing = 0;
		};
		089128F81AE65C62002C7CB1 /* Frameworks */ = {
			isa = PBXFrameworksBuildPhase;
			buildActionMask = 2147483647;
			files = (
			);
			runOnlyForDeploymentPostprocessing = 0;
		};
/* End PBXFrameworksBuildPhase section */

/* Begin PBXGroup section */
		089128D91AE65C62002C7CB1 = {
			isa = PBXGroup;
			children = (
				089128E41AE65C62002C7CB1 /* Local Notification Example */,
				089128FE1AE65C62002C7CB1 /* Local Notification ExampleTests */,
				089128E31AE65C62002C7CB1 /* Products */,
			);
			sourceTree = "<group>";
		};
		089128E31AE65C62002C7CB1 /* Products */ = {
			isa = PBXGroup;
			children = (
				089128E21AE65C62002C7CB1 /* Local Notification Example.app */,
				089128FB1AE65C62002C7CB1 /* Local Notification ExampleTests.xctest */,
			);
			name = Products;
			sourceTree = "<group>";
		};
		089128E41AE65C62002C7CB1 /* Local Notification Example */ = {
			isa = PBXGroup;
			children = (
				089128E91AE65C62002C7CB1 /* AppDelegate.h */,
				089128EA1AE65C62002C7CB1 /* AppDelegate.m */,
				089128EC1AE65C62002C7CB1 /* ViewController.h */,
				089128ED1AE65C62002C7CB1 /* ViewController.m */,
				089128EF1AE65C62002C7CB1 /* Main.storyboard */,
				089128F21AE65C62002C7CB1 /* Images.xcassets */,
				089128F41AE65C62002C7CB1 /* LaunchScreen.xib */,
				089128E51AE65C62002C7CB1 /* Supporting Files */,
			);
			path = "Local Notification Example";
			sourceTree = "<group>";
		};
		089128E51AE65C62002C7CB1 /* Supporting Files */ = {
			isa = PBXGroup;
			children = (
				089128E61AE65C62002C7CB1 /* Info.plist */,
				089128E71AE65C62002C7CB1 /* main.m */,
			);
			name = "Supporting Files";
			sourceTree = "<group>";
		};
		089128FE1AE65C62002C7CB1 /* Local Notification ExampleTests */ = {
			isa = PBXGroup;
			children = (
				089129011AE65C62002C7CB1 /* Local_Notification_ExampleTests.m */,
				089128FF1AE65C62002C7CB1 /* Supporting Files */,
			);
			path = "Local Notification ExampleTests";
			sourceTree = "<group>";
		};
		089128FF1AE65C62002C7CB1 /* Supporting Files */ = {
			isa = PBXGroup;
			children = (
				089129001AE65C62002C7CB1 /* Info.plist */,
			);
			name = "Supporting Files";
			sourceTree = "<group>";
		};
/* End PBXGroup section */

/* Begin PBXNativeTarget section */
		089128E11AE65C62002C7CB1 /* Local Notification Example */ = {
			isa = PBXNativeTarget;
			buildConfigurationList = 089129051AE65C62002C7CB1 /* Build configuration list for PBXNativeTarget "Local Notification Example" */;
			buildPhases = (
				089128DE1AE65C62002C7CB1 /* Sources */,
				089128DF1AE65C62002C7CB1 /* Frameworks */,
				089128E01AE65C62002C7CB1 /* Resources */,
			);
			buildRules = (
			);
			dependencies = (
			);
			name = "Local Notification Example";
			productName = "Local Notification Example";
			productReference = 089128E21AE65C62002C7CB1 /* Local Notification Example.app */;
			productType = "com.apple.product-type.application";
		};
		089128FA1AE65C62002C7CB1 /* Local Notification ExampleTests */ = {
			isa = PBXNativeTarget;
			buildConfigurationList = 089129081AE65C62002C7CB1 /* Build configuration list for PBXNativeTarget "Local Notification ExampleTests" */;
			buildPhases = (
				089128F71AE65C62002C7CB1 /* Sources */,
				089128F81AE65C62002C7CB1 /* Frameworks */,
				089128F91AE65C62002C7CB1 /* Resources */,
			);
			buildRules = (
			);
			dependencies = (
				089128FD1AE65C62002C7CB1 /* PBXTargetDependency */,
			);
			name = "Local Notification ExampleTests";
			productName = "Local Notification ExampleTests";
			productReference = 089128FB1AE65C62002C7CB1 /* Local Notification ExampleTests.xctest */;
			productType = "com.apple.product-type.bundle.unit-test";
		};
/* End PBXNativeTarget section */

/* Begin PBXProject section */
		089128DA1AE65C62002C7CB1 /* Project object */ = {
			isa = PBXProject;
			attributes = {
				LastUpgradeCheck = 0630;
				ORGANIZATIONNAME = Namit;
				TargetAttributes = {
					089128E11AE65C62002C7CB1 = {
						CreatedOnToolsVersion = 6.3;
					};
					089128FA1AE65C62002C7CB1 = {
						CreatedOnToolsVersion = 6.3;
						TestTargetID = 089128E11AE65C62002C7CB1;
					};
				};
			};
			buildConfigurationList = 089128DD1AE65C62002C7CB1 /* Build configuration list for PBXProject "Local Notification Example" */;
			compatibilityVersion = "Xcode 3.2";
			developmentRegion = English;
			hasScannedForEncodings = 0;
			knownRegions = (
				en,
				Base,
			);
			mainGroup = 089128D91AE65C62002C7CB1;
			productRefGroup = 089128E31AE65C62002C7CB1 /* Products */;
			projectDirPath = "";
			projectRoot = "";
			targets = (
				089128E11AE65C62002C7CB1 /* Local Notification Example */,
				089128FA1AE65C62002C7CB1 /* Local Notification ExampleTests */,
			);
		};
/* End PBXProject section */

/* Begin PBXResourcesBuildPhase section */
		089128E01AE65C62002C7CB1 /* Resources */ = {
			isa = PBXResourcesBuildPhase;
			buildActionMask = 2147483647;
			files = (
				089128F11AE65C62002C7CB1 /* Main.storyboard in Resources */,
				089128F61AE65C62002C7CB1 /* LaunchScreen.xib in Resources */,
				089128F31AE65C62002C7CB1 /* Images.xcassets in Resources */,
			);
			runOnlyForDeploymentPostprocessing = 0;
		};
		089128F91AE65C62002C7CB1 /* Resources */ = {
			isa = PBXResourcesBuildPhase;
			buildActionMask = 2147483647;
			files = (
			);
			runOnlyForDeploymentPostprocessing = 0;
		};
/* End PBXResourcesBuildPhase section */

/* Begin PBXSourcesBuildPhase section */
		089128DE1AE65C62002C7CB1 /* Sources */ = {
			isa = PBXSourcesBuildPhase;
			buildActionMask = 2147483647;
			files = (
				089128EE1AE65C62002C7CB1 /* ViewController.m in Sources */,
				089128EB1AE65C62002C7CB1 /* AppDelegate.m in Sources */,
				089128E81AE65C62002C7CB1 /* main.m in Sources */,
			);
			runOnlyForDeploymentPostprocessing = 0;
		};
		089128F71AE65C62002C7CB1 /* Sources */ = {
			isa = PBXSourcesBuildPhase;
			buildActionMask = 2147483647;
			files = (
				089129021AE65C62002C7CB1 /* Local_Notification_ExampleTests.m in Sources */,
			);
			runOnlyForDeploymentPostprocessing = 0;
		};
/* End PBXSourcesBuildPhase section */

/* Begin PBXTargetDependency section */
		089128FD1AE65C62002C7CB1 /* PBXTargetDependency */ = {
			isa = PBXTargetDependency;
			target = 089128E11AE65C62002C7CB1 /* Local Notification Example */;
			targetProxy = 089128FC1AE65C62002C7CB1 /* PBXContainerItemProxy */;
		};
/* End PBXTargetDependency section */

/* Begin PBXVariantGroup section */
		089128EF1AE65C62002C7CB1 /* Main.storyboard */ = {
			isa = PBXVariantGroup;
			children = (
				089128F01AE65C62002C7CB1 /* Base */,
			);
			name = Main.storyboard;
			sourceTree = "<group>";
		};
		089128F41AE65C62002C7CB1 /* LaunchScreen.xib */ = {
			isa = PBXVariantGroup;
			children = (
				089128F51AE65C62002C7CB1 /* Base */,
			);
			name = LaunchScreen.xib;
			sourceTree = "<group>";
		};
/* End PBXVariantGroup section */

/* Begin XCBuildConfiguration section */
		089129031AE65C62002C7CB1 /* Debug */ = {
			isa = XCBuildConfiguration;
			buildSettings = {
				ALWAYS_SEARCH_USER_PATHS = NO;
				CLANG_CXX_LANGUAGE_STANDARD = "gnu++0x";
				CLANG_CXX_LIBRARY = "libc++";
				CLANG_ENABLE_MODULES = YES;
				CLANG_ENABLE_OBJC_ARC = YES;
				CLANG_WARN_BOOL_CONVERSION = YES;
				CLANG_WARN_CONSTANT_CONVERSION = YES;
				CLANG_WARN_DIRECT_OBJC_ISA_USAGE = YES_ERROR;
				CLANG_WARN_EMPTY_BODY = YES;
				CLANG_WARN_ENUM_CONVERSION = YES;
				CLANG_WARN_INT_CONVERSION = YES;
				CLANG_WARN_OBJC_ROOT_CLASS = YES_ERROR;
				CLANG_WARN_UNREACHABLE_CODE = YES;
				CLANG_WARN__DUPLICATE_METHOD_MATCH = YES;
				"CODE_SIGN_IDENTITY[sdk=iphoneos*]" = "iPhone Developer";
				COPY_PHASE_STRIP = NO;
				DEBUG_INFORMATION_FORMAT = "dwarf-with-dsym";
				ENABLE_STRICT_OBJC_MSGSEND = YES;
				GCC_C_LANGUAGE_STANDARD = gnu99;
				GCC_DYNAMIC_NO_PIC = NO;
				GCC_NO_COMMON_BLOCKS = YES;
				GCC_OPTIMIZATION_LEVEL = 0;
				GCC_PREPROCESSOR_DEFINITIONS = (
					"DEBUG=1",
					"$(inherited)",
				);
				GCC_SYMBOLS_PRIVATE_EXTERN = NO;
				GCC_WARN_64_TO_32_BIT_CONVERSION = YES;
				GCC_WARN_ABOUT_RETURN_TYPE = YES_ERROR;
				GCC_WARN_UNDECLARED_SELECTOR = YES;
				GCC_WARN_UNINITIALIZED_AUTOS = YES_AGGRESSIVE;
				GCC_WARN_UNUSED_FUNCTION = YES;
				GCC_WARN_UNUSED_VARIABLE = YES;
				IPHONEOS_DEPLOYMENT_TARGET = 8.3;
				MTL_ENABLE_DEBUG_INFO = YES;
				ONLY_ACTIVE_ARCH = YES;
				SDKROOT = iphoneos;
			};
			name = Debug;
		};
		089129041AE65C62002C7CB1 /* Release */ = {
			isa = XCBuildConfiguration;
			buildSettings = {
				ALWAYS_SEARCH_USER_PATHS = NO;
				CLANG_CXX_LANGUAGE_STANDARD = "gnu++0x";
				CLANG_CXX_LIBRARY = "libc++";
				CLANG_ENABLE_MODULES = YES;
				CLANG_ENABLE_OBJC_ARC = YES;
				CLANG_WARN_BOOL_CONVERSION = YES;
				CLANG_WARN_CONSTANT_CONVERSION = YES;
				CLANG_WARN_DIRECT_OBJC_ISA_USAGE = YES_ERROR;
				CLANG_WARN_EMPTY_BODY = YES;
				CLANG_WARN_ENUM_CONVERSION = YES;
				CLANG_WARN_INT_CONVERSION = YES;
				CLANG_WARN_OBJC_ROOT_CLASS = YES_ERROR;
				CLANG_WARN_UNREACHABLE_CODE = YES;
				CLANG_WARN__DUPLICATE_METHOD_MATCH = YES;
				"CODE_SIGN_IDENTITY[sdk=iphoneos*]" = "iPhone Developer";
				COPY_PHASE_STRIP = NO;
				DEBUG_INFORMATION_FORMAT = "dwarf-with-dsym";
				ENABLE_NS_ASSERTIONS = NO;
				ENABLE_STRICT_OBJC_MSGSEND = YES;
				GCC_C_LANGUAGE_STANDARD = gnu99;
				GCC_NO_COMMON_BLOCKS = YES;
				GCC_WARN_64_TO_32_BIT_CONVERSION = YES;
				GCC_WARN_ABOUT_RETURN_TYPE = YES_ERROR;
				GCC_WARN_UNDECLARED_SELECTOR = YES;
				GCC_WARN_UNINITIALIZED_AUTOS = YES_AGGRESSIVE;
				GCC_WARN_UNUSED_FUNCTION = YES;
				GCC_WARN_UNUSED_VARIABLE = YES;
				IPHONEOS_DEPLOYMENT_TARGET = 8.3;
				MTL_ENABLE_DEBUG_INFO = NO;
				SDKROOT = iphoneos;
				VALIDATE_PRODUCT = YES;
			};
			name = Release;
		};
		089129061AE65C62002C7CB1 /* Debug */ = {
			isa = XCBuildConfiguration;
			buildSettings = {
				ASSETCATALOG_COMPILER_APPICON_NAME = AppIcon;
				INFOPLIST_FILE = "Local Notification Example/Info.plist";
				LD_RUNPATH_SEARCH_PATHS = "$(inherited) @executable_path/Frameworks";
				PRODUCT_NAME = "$(TARGET_NAME)";
			};
			name = Debug;
		};
		089129071AE65C62002C7CB1 /* Release */ = {
			isa = XCBuildConfiguration;
			buildSettings = {
				ASSETCATALOG_COMPILER_APPICON_NAME = AppIcon;
				INFOPLIST_FILE = "Local Notification Example/Info.plist";
				LD_RUNPATH_SEARCH_PATHS = "$(inherited) @executable_path/Frameworks";
				PRODUCT_NAME = "$(TARGET_NAME)";
			};
			name = Release;
		};
		089129091AE65C62002C7CB1 /* Debug */ = {
			isa = XCBuildConfiguration;
			buildSettings = {
				BUNDLE_LOADER = "$(TEST_HOST)";
				FRAMEWORK_SEARCH_PATHS = (
					"$(SDKROOT)/Developer/Library/Frameworks",
					"$(inherited)",
				);
				GCC_PREPROCESSOR_DEFINITIONS = (
					"DEBUG=1",
					"$(inherited)",
				);
				INFOPLIST_FILE = "Local Notification ExampleTests/Info.plist";
				LD_RUNPATH_SEARCH_PATHS = "$(inherited) @executable_path/Frameworks @loader_path/Frameworks";
				PRODUCT_NAME = "$(TARGET_NAME)";
				TEST_HOST = "$(BUILT_PRODUCTS_DIR)/Local Notification Example.app/Local Notification Example";
			};
			name = Debug;
		};
		0891290A1AE65C62002C7CB1 /* Release */ = {
			isa = XCBuildConfiguration;
			buildSettings = {
				BUNDLE_LOADER = "$(TEST_HOST)";
				FRAMEWORK_SEARCH_PATHS = (
					"$(SDKROOT)/Developer/Library/Frameworks",
					"$(inherited)",
				);
				INFOPLIST_FILE = "Local Notification ExampleTests/Info.plist";
				LD_RUNPATH_SEARCH_PATHS = "$(inherited) @executable_path/Frameworks @loader_path/Frameworks";
				PRODUCT_NAME = "$(TARGET_NAME)";
				TEST_HOST = "$(BUILT_PRODUCTS_DIR)/Local Notification Example.app/Local Notification Example";
			};
			name = Release;
		};
/* End XCBuildConfiguration section */

/* Begin XCConfigurationList section */
		089128DD1AE65C62002C7CB1 /* Build configuration list for PBXProject "Local Notification Example" */ = {
			isa = XCConfigurationList;
			buildConfigurations = (
				089129031AE65C62002C7CB1 /* Debug */,
				089129041AE65C62002C7CB1 /* Release */,
			);
			defaultConfigurationIsVisible = 0;
			defaultConfigurationName = Release;
		};
		089129051AE65C62002C7CB1 /* Build configuration list for PBXNativeTarget "Local Notification Example" */ = {
			isa = XCConfigurationList;
			buildConfigurations = (
				089129061AE65C62002C7CB1 /* Debug */,
				089129071AE65C62002C7CB1 /* Release */,
			);
			defaultConfigurationIsVisible = 0;
		};
		089129081AE65C62002C7CB1 /* Build configuration list for PBXNativeTarget "Local Notification ExampleTests" */ = {
			isa = XCConfigurationList;
			buildConfigurations = (
				089129091AE65C62002C7CB1 /* Debug */,
				0891290A1AE65C62002C7CB1 /* Release */,
			);
			defaultConfigurationIsVisible = 0;
		};
/* End XCConfigurationList section */
	};
	rootObject = 089128DA1AE65C62002C7CB1 /* Project object */;
}
